
Microsoft Visual Studio Solution File, Format Version 12.00
# Visual Studio Version 17
VisualStudioVersion = 17.0.32014.148
MinimumVisualStudioVersion = 10.0.40219.1
Project("{FAE04EC0-301F-11D3-BF4B-00C04F79EFBC}") = "mf-apis-web-services-fuel-manager", "mf-apis-web-services-fuel-manager\mf-apis-web-services-fuel-manager.csproj", "{CC47B267-31DF-4B9A-9D30-9B8E8AA39E4E}"
EndProject
Global
	GlobalSection(SolutionConfigurationPlatforms) = preSolution
		Debug|Any CPU = Debug|Any CPU
		Release|Any CPU = Release|Any CPU
	EndGlobalSection
	GlobalSection(ProjectConfigurationPlatforms) = postSolution
		{CC47B267-31DF-4B9A-9D30-9B8E8AA39E4E}.Debug|Any CPU.ActiveCfg = Debug|Any CPU
		{CC47B267-31DF-4B9A-9D30-9B8E8AA39E4E}.Debug|Any CPU.Build.0 = Debug|Any CPU
		{CC47B267-31DF-4B9A-9D30-9B8E8AA39E4E}.Release|Any CPU.ActiveCfg = Release|Any CPU
		{CC47B267-31DF-4B9A-9D30-9B8E8AA39E4E}.Release|Any CPU.Build.0 = Release|Any CPU
	EndGlobalSection
	GlobalSection(SolutionProperties) = preSolution
		HideSolutionNode = FALSE
	EndGlobalSection
	GlobalSection(ExtensibilityGlobals) = postSolution
		SolutionGuid = {3ACC1EAA-BCC1-47D0-874D-52A5D288D5A4}
	EndGlobalSection
EndGlobal
